
Microsoft Visual Studio Solution File, Format Version 12.00
# Visual Studio Version 17
VisualStudioVersion = 17.1.32407.343
MinimumVisualStudioVersion = 10.0.40219.1
Project("{FAE04EC0-301F-11D3-BF4B-00C04F79EFBC}") = "WpfApp1", "WpfApp1\WpfApp1.csproj", "{5009836F-2494-422F-9930-1607881D1CBD}"
EndProject
Global
	GlobalSection(SolutionConfigurationPlatforms) = preSolution
		Debug|Any CPU = Debug|Any CPU
		Release|Any CPU = Release|Any CPU
	EndGlobalSection
	GlobalSection(ProjectConfigurationPlatforms) = postSolution
		{5009836F-2494-422F-9930-1607881D1CBD}.Debug|Any CPU.ActiveCfg = Debug|Any CPU
		{5009836F-2494-422F-9930-1607881D1CBD}.Debug|Any CPU.Build.0 = Debug|Any CPU
		{5009836F-2494-422F-9930-1607881D1CBD}.Release|Any CPU.ActiveCfg = Release|Any CPU
		{5009836F-2494-422F-9930-1607881D1CBD}.Release|Any CPU.Build.0 = Release|Any CPU
	EndGlobalSection
	GlobalSection(SolutionProperties) = preSolution
		HideSolutionNode = FALSE
	EndGlobalSection
	GlobalSection(ExtensibilityGlobals) = postSolution
		SolutionGuid = {A0E9FD5D-2660-40CF-968C-76645BFABA1D}
	EndGlobalSection
EndGlobal
